Microsoft Visual Studio Solution File, Format Version 12.00
# Visual Studio 2012
Project("{FAE04EC0-301F-11D3-BF4B-00C04F79EFBC}") = "Mall", "Mall.csproj", "{45F1906E-96B2-4180-B759-A668FF575D81}"
EndProject
Global
	GlobalSection(SolutionConfigurationPlatforms) = preSolution
	Debug|Any CPU = Debug|Any CPU
	ExportDebug|Any CPU = ExportDebug|Any CPU
	ExportRelease|Any CPU = ExportRelease|Any CPU
	EndGlobalSection
	GlobalSection(ProjectConfigurationPlatforms) = postSolution
		{45F1906E-96B2-4180-B759-A668FF575D81}.Debug|Any CPU.ActiveCfg = Debug|Any CPU
		{45F1906E-96B2-4180-B759-A668FF575D81}.Debug|Any CPU.Build.0 = Debug|Any CPU
		{45F1906E-96B2-4180-B759-A668FF575D81}.ExportDebug|Any CPU.ActiveCfg = ExportDebug|Any CPU
		{45F1906E-96B2-4180-B759-A668FF575D81}.ExportDebug|Any CPU.Build.0 = ExportDebug|Any CPU
		{45F1906E-96B2-4180-B759-A668FF575D81}.ExportRelease|Any CPU.ActiveCfg = ExportRelease|Any CPU
		{45F1906E-96B2-4180-B759-A668FF575D81}.ExportRelease|Any CPU.Build.0 = ExportRelease|Any CPU
	EndGlobalSection
EndGlobal
